// !$*UTF8*$!
{
	archiveVersion = 1;
	classes = {
	};
	objectVersion = 52;
	objects = {

/* Begin PBXBuildFile section */
		3CDC073125A4397E00D9DF89 /* SearchManager.swift in Sources */ = {isa = PBXBuildFile; fileRef = 3CDC073025A4397E00D9DF89 /* SearchManager.swift */; };
		3CDC073E25A4A62300D9DF89 /* Kingfisher in Frameworks */ = {isa = PBXBuildFile; productRef = 3CDC073D25A4A62300D9DF89 /* Kingfisher */; };
		3CE20F4C25A35E00009723A2 /* AppDelegate.swift in Sources */ = {isa = PBXBuildFile; fileRef = 3CE20F4B25A35E00009723A2 /* AppDelegate.swift */; };
		3CE20F4E25A35E00009723A2 /* SceneDelegate.swift in Sources */ = {isa = PBXBuildFile; fileRef = 3CE20F4D25A35E00009723A2 /* SceneDelegate.swift */; };
		3CE20F5025A35E00009723A2 /* ViewController.swift in Sources */ = {isa = PBXBuildFile; fileRef = 3CE20F4F25A35E00009723A2 /* ViewController.swift */; };
		3CE20F5325A35E00009723A2 /* Main.storyboard in Resources */ = {isa = PBXBuildFile; fileRef = 3CE20F5125A35E00009723A2 /* Main.storyboard */; };
		3CE20F5525A35E01009723A2 /* Assets.xcassets in Resources */ = {isa = PBXBuildFile; fileRef = 3CE20F5425A35E01009723A2 /* Assets.xcassets */; };
		3CE20F5825A35E01009723A2 /* LaunchScreen.storyboard in Resources */ = {isa = PBXBuildFile; fileRef = 3CE20F5625A35E01009723A2 /* LaunchScreen.storyboard */; };
		3CE20F6125A35E1B009723A2 /* SearchData.swift in Sources */ = {isa = PBXBuildFile; fileRef = 3CE20F6025A35E1B009723A2 /* SearchData.swift */; };
		3CE20F6625A3657F009723A2 /* SwiftyJSON in Frameworks */ = {isa = PBXBuildFile; productRef = 3CE20F6525A3657F009723A2 /* SwiftyJSON */; };
		3CE20F6925A38413009723A2 /* CustomTableViewCell.swift in Sources */ = {isa = PBXBuildFile; fileRef = 3CE20F6825A38413009723A2 /* CustomTableViewCell.swift */; };
/* End PBXBuildFile section */

/* Begin PBXFileReference section */
		3CDC073025A4397E00D9DF89 /* SearchManager.swift */ = {isa = PBXFileReference; lastKnownFileType = sourcecode.swift; path = SearchManager.swift; sourceTree = "<group>"; };
		3CE20F4825A35E00009723A2 /* Search.app */ = {isa = PBXFileReference; explicitFileType = wrapper.application; includeInIndex = 0; path = Search.app; sourceTree = BUILT_PRODUCTS_DIR; };
		3CE20F4B25A35E00009723A2 /* AppDelegate.swift */ = {isa = PBXFileReference; lastKnownFileType = sourcecode.swift; path = AppDelegate.swift; sourceTree = "<group>"; };
		3CE20F4D25A35E00009723A2 /* SceneDelegate.swift */ = {isa = PBXFileReference; lastKnownFileType = sourcecode.swift; path = SceneDelegate.swift; sourceTree = "<group>"; };
		3CE20F4F25A35E00009723A2 /* ViewController.swift */ = {isa = PBXFileReference; lastKnownFileType = sourcecode.swift; path = ViewController.swift; sourceTree = "<group>"; };
		3CE20F5225A35E00009723A2 /* Base */ = {isa = PBXFileReference; lastKnownFileType = file.storyboard; name = Base; path = Base.lproj/Main.storyboard; sourceTree = "<group>"; };
		3CE20F5425A35E01009723A2 /* Assets.xcassets */ = {isa = PBXFileReference; lastKnownFileType = folder.assetcatalog; path = Assets.xcassets; sourceTree = "<group>"; };
		3CE20F5725A35E01009723A2 /* Base */ = {isa = PBXFileReference; lastKnownFileType = file.storyboard; name = Base; path = Base.lproj/LaunchScreen.storyboard; sourceTree = "<group>"; };
		3CE20F5925A35E01009723A2 /* Info.plist */ = {isa = PBXFileReference; lastKnownFileType = text.plist.xml; path = Info.plist; sourceTree = "<group>"; };
		3CE20F6025A35E1B009723A2 /* SearchData.swift */ = {isa = PBXFileReference; lastKnownFileType = sourcecode.swift; path = SearchData.swift; sourceTree = "<group>"; };
		3CE20F6825A38413009723A2 /* CustomTableViewCell.swift */ = {isa = PBXFileReference; lastKnownFileType = sourcecode.swift; path = CustomTableViewCell.swift; sourceTree = "<group>"; };
/* End PBXFileReference section */

/* Begin PBXFrameworksBuildPhase section */
		3CE20F4525A35E00009723A2 /* Frameworks */ = {
			isa = PBXFrameworksBuildPhase;
			buildActionMask = 2147483647;
			files = (
				3CDC073E25A4A62300D9DF89 /* Kingfisher in Frameworks */,
				3CE20F6625A3657F009723A2 /* SwiftyJSON in Frameworks */,
			);
			runOnlyForDeploymentPostprocessing = 0;
		};
/* End PBXFrameworksBuildPhase section */

/* Begin PBXGroup section */
		3CDC072B25A4391200D9DF89 /* Model */ = {
			isa = PBXGroup;
			children = (
				3CE20F6025A35E1B009723A2 /* SearchData.swift */,
				3CDC073025A4397E00D9DF89 /* SearchManager.swift */,
			);
			path = Model;
			sourceTree = "<group>";
		};
		3CDC072C25A4392900D9DF89 /* View */ = {
			isa = PBXGroup;
			children = (
				3CE20F5125A35E00009723A2 /* Main.storyboard */,
			);
			path = View;
			sourceTree = "<group>";
		};
		3CDC072E25A4393200D9DF89 /* Controller */ = {
			isa = PBXGroup;
			children = (
				3CE20F6825A38413009723A2 /* CustomTableViewCell.swift */,
				3CE20F4F25A35E00009723A2 /* ViewController.swift */,
			);
			path = Controller;
			sourceTree = "<group>";
		};
		3CE20F3F25A35E00009723A2 = {
			isa = PBXGroup;
			children = (
				3CE20F4A25A35E00009723A2 /* Search */,
				3CE20F4925A35E00009723A2 /* Products */,
			);
			sourceTree = "<group>";
		};
		3CE20F4925A35E00009723A2 /* Products */ = {
			isa = PBXGroup;
			children = (
				3CE20F4825A35E00009723A2 /* Search.app */,
			);
			name = Products;
			sourceTree = "<group>";
		};
		3CE20F4A25A35E00009723A2 /* Search */ = {
			isa = PBXGroup;
			children = (
				3CE20F4B25A35E00009723A2 /* AppDelegate.swift */,
				3CE20F4D25A35E00009723A2 /* SceneDelegate.swift */,
				3CDC072B25A4391200D9DF89 /* Model */,
				3CDC072C25A4392900D9DF89 /* View */,
				3CDC072E25A4393200D9DF89 /* Controller */,
				3CE20F5425A35E01009723A2 /* Assets.xcassets */,
				3CE20F5625A35E01009723A2 /* LaunchScreen.storyboard */,
				3CE20F5925A35E01009723A2 /* Info.plist */,
			);
			path = Search;
			sourceTree = "<group>";
		};
/* End PBXGroup section */

/* Begin PBXNativeTarget section */
		3CE20F4725A35E00009723A2 /* Search */ = {
			isa = PBXNativeTarget;
			buildConfigurationList = 3CE20F5C25A35E01009723A2 /* Build configuration list for PBXNativeTarget "Search" */;
			buildPhases = (
				3CE20F4425A35E00009723A2 /* Sources */,
				3CE20F4525A35E00009723A2 /* Frameworks */,
				3CE20F4625A35E00009723A2 /* Resources */,
			);
			buildRules = (
			);
			dependencies = (
			);
			name = Search;
			packageProductDependencies = (
				3CE20F6525A3657F009723A2 /* SwiftyJSON */,
				3CDC073D25A4A62300D9DF89 /* Kingfisher */,
			);
			productName = Search;
			productReference = 3CE20F4825A35E00009723A2 /* Search.app */;
			productType = "com.apple.product-type.application";
		};
/* End PBXNativeTarget section */

/* Begin PBXProject section */
		3CE20F4025A35E00009723A2 /* Project object */ = {
			isa = PBXProject;
			attributes = {
				LastSwiftUpdateCheck = 1220;
				LastUpgradeCheck = 1220;
				TargetAttributes = {
					3CE20F4725A35E00009723A2 = {
						CreatedOnToolsVersion = 12.2;
					};
				};
			};
			buildConfigurationList = 3CE20F4325A35E00009723A2 /* Build configuration list for PBXProject "Search" */;
			compatibilityVersion = "Xcode 9.3";
			developmentRegion = en;
			hasScannedForEncodings = 0;
			knownRegions = (
				en,
				Base,
			);
			mainGroup = 3CE20F3F25A35E00009723A2;
			packageReferences = (
				3CE20F6425A3657F009723A2 /* XCRemoteSwiftPackageReference "SwiftyJSON" */,
				3CDC073C25A4A62300D9DF89 /* XCRemoteSwiftPackageReference "Kingfisher" */,
			);
			productRefGroup = 3CE20F4925A35E00009723A2 /* Products */;
			projectDirPath = "";
			projectRoot = "";
			targets = (
				3CE20F4725A35E00009723A2 /* Search */,
			);
		};
/* End PBXProject section */

/* Begin PBXResourcesBuildPhase section */
		3CE20F4625A35E00009723A2 /* Resources */ = {
			isa = PBXResourcesBuildPhase;
			buildActionMask = 2147483647;
			files = (
				3CE20F5825A35E01009723A2 /* LaunchScreen.storyboard in Resources */,
				3CE20F5525A35E01009723A2 /* Assets.xcassets in Resources */,
				3CE20F5325A35E00009723A2 /* Main.storyboard in Resources */,
			);
			runOnlyForDeploymentPostprocessing = 0;
		};
/* End PBXResourcesBuildPhase section */

/* Begin PBXSourcesBuildPhase section */
		3CE20F4425A35E00009723A2 /* Sources */ = {
			isa = PBXSourcesBuildPhase;
			buildActionMask = 2147483647;
			files = (
				3CE20F5025A35E00009723A2 /* ViewController.swift in Sources */,
				3CE20F6925A38413009723A2 /* CustomTableViewCell.swift in Sources */,
				3CE20F4C25A35E00009723A2 /* AppDelegate.swift in Sources */,
				3CDC073125A4397E00D9DF89 /* SearchManager.swift in Sources */,
				3CE20F4E25A35E00009723A2 /* SceneDelegate.swift in Sources */,
				3CE20F6125A35E1B009723A2 /* SearchData.swift in Sources */,
			);
			runOnlyForDeploymentPostprocessing = 0;
		};
/* End PBXSourcesBuildPhase section */

/* Begin PBXVariantGroup section */
		3CE20F5125A35E00009723A2 /* Main.storyboard */ = {
			isa = PBXVariantGroup;
			children = (
				3CE20F5225A35E00009723A2 /* Base */,
			);
			name = Main.storyboard;
			sourceTree = "<group>";
		};
		3CE20F5625A35E01009723A2 /* LaunchScreen.storyboard */ = {
			isa = PBXVariantGroup;
			children = (
				3CE20F5725A35E01009723A2 /* Base */,
			);
			name = LaunchScreen.storyboard;
			sourceTree = "<group>";
		};
/* End PBXVariantGroup section */

/* Begin XCBuildConfiguration section */
		3CE20F5A25A35E01009723A2 /* Debug */ = {
			isa = XCBuildConfiguration;
			buildSettings = {
				ALWAYS_SEARCH_USER_PATHS = NO;
				CLANG_ANALYZER_NONNULL = YES;
				CLANG_ANALYZER_NUMBER_OBJECT_CONVERSION = YES_AGGRESSIVE;
				CLANG_CXX_LANGUAGE_STANDARD = "gnu++14";
				CLANG_CXX_LIBRARY = "libc++";
				CLANG_ENABLE_MODULES = YES;
				CLANG_ENABLE_OBJC_ARC = YES;
				CLANG_ENABLE_OBJC_WEAK = YES;
				CLANG_WARN_BLOCK_CAPTURE_AUTORELEASING = YES;
				CLANG_WARN_BOOL_CONVERSION = YES;
				CLANG_WARN_COMMA = YES;
				CLANG_WARN_CONSTANT_CONVERSION = YES;
				CLANG_WARN_DEPRECATED_OBJC_IMPLEMENTATIONS = YES;
				CLANG_WARN_DIRECT_OBJC_ISA_USAGE = YES_ERROR;
				CLANG_WARN_DOCUMENTATION_COMMENTS = YES;
				CLANG_WARN_EMPTY_BODY = YES;
				CLANG_WARN_ENUM_CONVERSION = YES;
				CLANG_WARN_INFINITE_RECURSION = YES;
				CLANG_WARN_INT_CONVERSION = YES;
				CLANG_WARN_NON_LITERAL_NULL_CONVERSION = YES;
				CLANG_WARN_OBJC_IMPLICIT_RETAIN_SELF = YES;
				CLANG_WARN_OBJC_LITERAL_CONVERSION = YES;
				CLANG_WARN_OBJC_ROOT_CLASS = YES_ERROR;
				CLANG_WARN_QUOTED_INCLUDE_IN_FRAMEWORK_HEADER = YES;
				CLANG_WARN_RANGE_LOOP_ANALYSIS = YES;
				CLANG_WARN_STRICT_PROTOTYPES = YES;
				CLANG_WARN_SUSPICIOUS_MOVE = YES;
				CLANG_WARN_UNGUARDED_AVAILABILITY = YES_AGGRESSIVE;
				CLANG_WARN_UNREACHABLE_CODE = YES;
				CLANG_WARN__DUPLICATE_METHOD_MATCH = YES;
				COPY_PHASE_STRIP = NO;
				DEBUG_INFORMATION_FORMAT = dwarf;
				ENABLE_STRICT_OBJC_MSGSEND = YES;
				ENABLE_TESTABILITY = YES;
				GCC_C_LANGUAGE_STANDARD = gnu11;
				GCC_DYNAMIC_NO_PIC = NO;
				GCC_NO_COMMON_BLOCKS = YES;
				GCC_OPTIMIZATION_LEVEL = 0;
				GCC_PREPROCESSOR_DEFINITIONS = (
					"DEBUG=1",
					"$(inherited)",
				);
				GCC_WARN_64_TO_32_BIT_CONVERSION = YES;
				GCC_WARN_ABOUT_RETURN_TYPE = YES_ERROR;
				GCC_WARN_UNDECLARED_SELECTOR = YES;
				GCC_WARN_UNINITIALIZED_AUTOS = YES_AGGRESSIVE;
				GCC_WARN_UNUSED_FUNCTION = YES;
				GCC_WARN_UNUSED_VARIABLE = YES;
				IPHONEOS_DEPLOYMENT_TARGET = 14.2;
				MTL_ENABLE_DEBUG_INFO = INCLUDE_SOURCE;
				MTL_FAST_MATH = YES;
				ONLY_ACTIVE_ARCH = YES;
				SDKROOT = iphoneos;
				SWIFT_ACTIVE_COMPILATION_CONDITIONS = DEBUG;
				SWIFT_OPTIMIZATION_LEVEL = "-Onone";
			};
			name = Debug;
		};
		3CE20F5B25A35E01009723A2 /* Release */ = {
			isa = XCBuildConfiguration;
			buildSettings = {
				ALWAYS_SEARCH_USER_PATHS = NO;
				CLANG_ANALYZER_NONNULL = YES;
				CLANG_ANALYZER_NUMBER_OBJECT_CONVERSION = YES_AGGRESSIVE;
				CLANG_CXX_LANGUAGE_STANDARD = "gnu++14";
				CLANG_CXX_LIBRARY = "libc++";
				CLANG_ENABLE_MODULES = YES;
				CLANG_ENABLE_OBJC_ARC = YES;
				CLANG_ENABLE_OBJC_WEAK = YES;
				CLANG_WARN_BLOCK_CAPTURE_AUTORELEASING = YES;
				CLANG_WARN_BOOL_CONVERSION = YES;
				CLANG_WARN_COMMA = YES;
				CLANG_WARN_CONSTANT_CONVERSION = YES;
				CLANG_WARN_DEPRECATED_OBJC_IMPLEMENTATIONS = YES;
				CLANG_WARN_DIRECT_OBJC_ISA_USAGE = YES_ERROR;
				CLANG_WARN_DOCUMENTATION_COMMENTS = YES;
				CLANG_WARN_EMPTY_BODY = YES;
				CLANG_WARN_ENUM_CONVERSION = YES;
				CLANG_WARN_INFINITE_RECURSION = YES;
				CLANG_WARN_INT_CONVERSION = YES;
				CLANG_WARN_NON_LITERAL_NULL_CONVERSION = YES;
				CLANG_WARN_OBJC_IMPLICIT_RETAIN_SELF = YES;
				CLANG_WARN_OBJC_LITERAL_CONVERSION = YES;
				CLANG_WARN_OBJC_ROOT_CLASS = YES_ERROR;
				CLANG_WARN_QUOTED_INCLUDE_IN_FRAMEWORK_HEADER = YES;
				CLANG_WARN_RANGE_LOOP_ANALYSIS = YES;
				CLANG_WARN_STRICT_PROTOTYPES = YES;
				CLANG_WARN_SUSPICIOUS_MOVE = YES;
				CLANG_WARN_UNGUARDED_AVAILABILITY = YES_AGGRESSIVE;
				CLANG_WARN_UNREACHABLE_CODE = YES;
				CLANG_WARN__DUPLICATE_METHOD_MATCH = YES;
				COPY_PHASE_STRIP = NO;
				DEBUG_INFORMATION_FORMAT = "dwarf-with-dsym";
				ENABLE_NS_ASSERTIONS = NO;
				ENABLE_STRICT_OBJC_MSGSEND = YES;
				GCC_C_LANGUAGE_STANDARD = gnu11;
				GCC_NO_COMMON_BLOCKS = YES;
				GCC_WARN_64_TO_32_BIT_CONVERSION = YES;
				GCC_WARN_ABOUT_RETURN_TYPE = YES_ERROR;
				GCC_WARN_UNDECLARED_SELECTOR = YES;
				GCC_WARN_UNINITIALIZED_AUTOS = YES_AGGRESSIVE;
				GCC_WARN_UNUSED_FUNCTION = YES;
				GCC_WARN_UNUSED_VARIABLE = YES;
				IPHONEOS_DEPLOYMENT_TARGET = 14.2;
				MTL_ENABLE_DEBUG_INFO = NO;
				MTL_FAST_MATH = YES;
				SDKROOT = iphoneos;
				SWIFT_COMPILATION_MODE = wholemodule;
				SWIFT_OPTIMIZATION_LEVEL = "-O";
				VALIDATE_PRODUCT = YES;
			};
			name = Release;
		};
		3CE20F5D25A35E01009723A2 /* Debug */ = {
			isa = XCBuildConfiguration;
			buildSettings = {
				ASSETCATALOG_COMPILER_APPICON_NAME = AppIcon;
				ASSETCATALOG_COMPILER_GLOBAL_ACCENT_COLOR_NAME = AccentColor;
				CODE_SIGN_STYLE = Automatic;
				DEVELOPMENT_TEAM = WWP4U5BAUT;
				INFOPLIST_FILE = Search/Info.plist;
				LD_RUNPATH_SEARCH_PATHS = (
					"$(inherited)",
					"@executable_path/Frameworks",
				);
				PRODUCT_BUNDLE_IDENTIFIER = com.Search.Yatharth;
				PRODUCT_NAME = "$(TARGET_NAME)";
				SWIFT_VERSION = 5.0;
				TARGETED_DEVICE_FAMILY = "1,2";
			};
			name = Debug;
		};
		3CE20F5E25A35E01009723A2 /* Release */ = {
			isa = XCBuildConfiguration;
			buildSettings = {
				ASSETCATALOG_COMPILER_APPICON_NAME = AppIcon;
				ASSETCATALOG_COMPILER_GLOBAL_ACCENT_COLOR_NAME = AccentColor;
				CODE_SIGN_STYLE = Automatic;
				DEVELOPMENT_TEAM = WWP4U5BAUT;
				INFOPLIST_FILE = Search/Info.plist;
				LD_RUNPATH_SEARCH_PATHS = (
					"$(inherited)",
					"@executable_path/Frameworks",
				);
				PRODUCT_BUNDLE_IDENTIFIER = com.Search.Yatharth;
				PRODUCT_NAME = "$(TARGET_NAME)";
				SWIFT_VERSION = 5.0;
				TARGETED_DEVICE_FAMILY = "1,2";
			};
			name = Release;
		};
/* End XCBuildConfiguration section */

/* Begin XCConfigurationList section */
		3CE20F4325A35E00009723A2 /* Build configuration list for PBXProject "Search" */ = {
			isa = XCConfigurationList;
			buildConfigurations = (
				3CE20F5A25A35E01009723A2 /* Debug */,
				3CE20F5B25A35E01009723A2 /* Release */,
			);
			defaultConfigurationIsVisible = 0;
			defaultConfigurationName = Release;
		};
		3CE20F5C25A35E01009723A2 /* Build configuration list for PBXNativeTarget "Search" */ = {
			isa = XCConfigurationList;
			buildConfigurations = (
				3CE20F5D25A35E01009723A2 /* Debug */,
				3CE20F5E25A35E01009723A2 /* Release */,
			);
			defaultConfigurationIsVisible = 0;
			defaultConfigurationName = Release;
		};
/* End XCConfigurationList section */

/* Begin XCRemoteSwiftPackageReference section */
		3CDC073C25A4A62300D9DF89 /* XCRemoteSwiftPackageReference "Kingfisher" */ = {
			isa = XCRemoteSwiftPackageReference;
			repositoryURL = "https://github.com/onevcat/Kingfisher.git";
			requirement = {
				kind = upToNextMajorVersion;
				minimumVersion = 6.0.1;
			};
		};
		3CE20F6425A3657F009723A2 /* XCRemoteSwiftPackageReference "SwiftyJSON" */ = {
			isa = XCRemoteSwiftPackageReference;
			repositoryURL = "https://github.com/SwiftyJSON/SwiftyJSON.git";
			requirement = {
				kind = upToNextMajorVersion;
				minimumVersion = 5.0.0;
			};
		};
/* End XCRemoteSwiftPackageReference section */

/* Begin XCSwiftPackageProductDependency section */
		3CDC073D25A4A62300D9DF89 /* Kingfisher */ = {
			isa = XCSwiftPackageProductDependency;
			package = 3CDC073C25A4A62300D9DF89 /* XCRemoteSwiftPackageReference "Kingfisher" */;
			productName = Kingfisher;
		};
		3CE20F6525A3657F009723A2 /* SwiftyJSON */ = {
			isa = XCSwiftPackageProductDependency;
			package = 3CE20F6425A3657F009723A2 /* XCRemoteSwiftPackageReference "SwiftyJSON" */;
			productName = SwiftyJSON;
		};
/* End XCSwiftPackageProductDependency section */
	};
	rootObject = 3CE20F4025A35E00009723A2 /* Project object */;
}
